// !$*UTF8*$!
{
	archiveVersion = 1;
	classes = {
	};
	objectVersion = 46;
	objects = {

/* Begin PBXBuildFile section */
		7B466F641C72CB32004963CF /* main.m in Sources */ = {isa = PBXBuildFile; fileRef = 7B466F631C72CB32004963CF /* main.m */; };
		7B466F671C72CB32004963CF /* AppDelegate.m in Sources */ = {isa = PBXBuildFile; fileRef = 7B466F661C72CB32004963CF /* AppDelegate.m */; };
		7B466F6A1C72CB32004963CF /* ViewController.m in Sources */ = {isa = PBXBuildFile; fileRef = 7B466F691C72CB32004963CF /* ViewController.m */; };
		7B466F6F1C72CB32004963CF /* Assets.xcassets in Resources */ = {isa = PBXBuildFile; fileRef = 7B466F6E1C72CB32004963CF /* Assets.xcassets */; };
		7B466F721C72CB32004963CF /* LaunchScreen.storyboard in Resources */ = {isa = PBXBuildFile; fileRef = 7B466F701C72CB32004963CF /* LaunchScreen.storyboard */; };
		7B466F7D1C72CB32004963CF /* PwC_Deliverable2_AppTests.m in Sources */ = {isa = PBXBuildFile; fileRef = 7B466F7C1C72CB32004963CF /* PwC_Deliverable2_AppTests.m */; };
		7B466F881C72CB32004963CF /* PwC_Deliverable2_AppUITests.m in Sources */ = {isa = PBXBuildFile; fileRef = 7B466F871C72CB32004963CF /* PwC_Deliverable2_AppUITests.m */; };
		7B466F9B1C7354E2004963CF /* Post.m in Sources */ = {isa = PBXBuildFile; fileRef = 7B466F9A1C7354E2004963CF /* Post.m */; };
		7B466FA01C7364AC004963CF /* PostCell.m in Sources */ = {isa = PBXBuildFile; fileRef = 7B466F9F1C7364AC004963CF /* PostCell.m */; };
		7B466FA71C73A43E004963CF /* Main.storyboard in Resources */ = {isa = PBXBuildFile; fileRef = 7B466FA51C73A43E004963CF /* Main.storyboard */; };
		7B466FAD1C73AD13004963CF /* AddDestination.m in Sources */ = {isa = PBXBuildFile; fileRef = 7B466FAC1C73AD13004963CF /* AddDestination.m */; };
		7BD1F2491C7CD37900ECF719 /* DataService.m in Sources */ = {isa = PBXBuildFile; fileRef = 7BD1F2481C7CD37900ECF719 /* DataService.m */; };
/* End PBXBuildFile section */

/* Begin PBXContainerItemProxy section */
		7B466F791C72CB32004963CF /* PBXContainerItemProxy */ = {
			isa = PBXContainerItemProxy;
			containerPortal = 7B466F571C72CB32004963CF /* Project object */;
			proxyType = 1;
			remoteGlobalIDString = 7B466F5E1C72CB32004963CF;
			remoteInfo = PwC_Deliverable2_App;
		};
		7B466F841C72CB32004963CF /* PBXContainerItemProxy */ = {
			isa = PBXContainerItemProxy;
			containerPortal = 7B466F571C72CB32004963CF /* Project object */;
			proxyType = 1;
			remoteGlobalIDString = 7B466F5E1C72CB32004963CF;
			remoteInfo = PwC_Deliverable2_App;
		};
/* End PBXContainerItemProxy section */

/* Begin PBXFileReference section */
		7B466F5F1C72CB32004963CF /* PwC_Deliverable2_App.app */ = {isa = PBXFileReference; explicitFileType = wrapper.application; includeInIndex = 0; path = PwC_Deliverable2_App.app; sourceTree = BUILT_PRODUCTS_DIR; };
		7B466F631C72CB32004963CF /* main.m */ = {isa = PBXFileReference; lastKnownFileType = sourcecode.c.objc; path = main.m; sourceTree = "<group>"; };
		7B466F651C72CB32004963CF /* AppDelegate.h */ = {isa = PBXFileReference; lastKnownFileType = sourcecode.c.h; path = AppDelegate.h; sourceTree = "<group>"; };
		7B466F661C72CB32004963CF /* AppDelegate.m */ = {isa = PBXFileReference; lastKnownFileType = sourcecode.c.objc; path = AppDelegate.m; sourceTree = "<group>"; };
		7B466F681C72CB32004963CF /* ViewController.h */ = {isa = PBXFileReference; lastKnownFileType = sourcecode.c.h; path = ViewController.h; sourceTree = "<group>"; };
		7B466F691C72CB32004963CF /* ViewController.m */ = {isa = PBXFileReference; lastKnownFileType = sourcecode.c.objc; path = ViewController.m; sourceTree = "<group>"; };
		7B466F6E1C72CB32004963CF /* Assets.xcassets */ = {isa = PBXFileReference; lastKnownFileType = folder.assetcatalog; path = Assets.xcassets; sourceTree = "<group>"; };
		7B466F711C72CB32004963CF /* Base */ = {isa = PBXFileReference; lastKnownFileType = file.storyboard; name = Base; path = Base.lproj/LaunchScreen.storyboard; sourceTree = "<group>"; };
		7B466F731C72CB32004963CF /* Info.plist */ = {isa = PBXFileReference; lastKnownFileType = text.plist.xml; path = Info.plist; sourceTree = "<group>"; };
		7B466F781C72CB32004963CF /* PwC_Deliverable2_AppTests.xctest */ = {isa = PBXFileReference; explicitFileType = wrapper.cfbundle; includeInIndex = 0; path = PwC_Deliverable2_AppTests.xctest; sourceTree = BUILT_PRODUCTS_DIR; };
		7B466F7C1C72CB32004963CF /* PwC_Deliverable2_AppTests.m */ = {isa = PBXFileReference; lastKnownFileType = sourcecode.c.objc; path = PwC_Deliverable2_AppTests.m; sourceTree = "<group>"; };
		7B466F7E1C72CB32004963CF /* Info.plist */ = {isa = PBXFileReference; lastKnownFileType = text.plist.xml; path = Info.plist; sourceTree = "<group>"; };
		7B466F831C72CB32004963CF /* PwC_Deliverable2_AppUITests.xctest */ = {isa = PBXFileReference; explicitFileType = wrapper.cfbundle; includeInIndex = 0; path = PwC_Deliverable2_AppUITests.xctest; sourceTree = BUILT_PRODUCTS_DIR; };
		7B466F871C72CB32004963CF /* PwC_Deliverable2_AppUITests.m */ = {isa = PBXFileReference; lastKnownFileType = sourcecode.c.objc; path = PwC_Deliverable2_AppUITests.m; sourceTree = "<group>"; };
		7B466F891C72CB32004963CF /* Info.plist */ = {isa = PBXFileReference; lastKnownFileType = text.plist.xml; path = Info.plist; sourceTree = "<group>"; };
		7B466F991C7354E2004963CF /* Post.h */ = {isa = PBXFileReference; fileEncoding = 4; lastKnownFileType = sourcecode.c.h; path = Post.h; sourceTree = "<group>"; };
		7B466F9A1C7354E2004963CF /* Post.m */ = {isa = PBXFileReference; fileEncoding = 4; lastKnownFileType = sourcecode.c.objc; path = Post.m; sourceTree = "<group>"; };
		7B466F9E1C7364AC004963CF /* PostCell.h */ = {isa = PBXFileReference; fileEncoding = 4; lastKnownFileType = sourcecode.c.h; path = PostCell.h; sourceTree = "<group>"; };
		7B466F9F1C7364AC004963CF /* PostCell.m */ = {isa = PBXFileReference; fileEncoding = 4; lastKnownFileType = sourcecode.c.objc; path = PostCell.m; sourceTree = "<group>"; };
		7B466FA61C73A43E004963CF /* Base */ = {isa = PBXFileReference; lastKnownFileType = file.storyboard; name = Base; path = Base.lproj/Main.storyboard; sourceTree = "<group>"; };
		7B466FAB1C73AD13004963CF /* AddDestination.h */ = {isa = PBXFileReference; fileEncoding = 4; lastKnownFileType = sourcecode.c.h; path = AddDestination.h; sourceTree = "<group>"; };
		7B466FAC1C73AD13004963CF /* AddDestination.m */ = {isa = PBXFileReference; fileEncoding = 4; lastKnownFileType = sourcecode.c.objc; path = AddDestination.m; sourceTree = "<group>"; };
		7BD1F2471C7CD37900ECF719 /* DataService.h */ = {isa = PBXFileReference; fileEncoding = 4; lastKnownFileType = sourcecode.c.h; path = DataService.h; sourceTree = "<group>"; };
		7BD1F2481C7CD37900ECF719 /* DataService.m */ = {isa = PBXFileReference; fileEncoding = 4; lastKnownFileType = sourcecode.c.objc; path = DataService.m; sourceTree = "<group>"; };
/* End PBXFileReference section */

/* Begin PBXFrameworksBuildPhase section */
		7B466F5C1C72CB32004963CF /* Frameworks */ = {
			isa = PBXFrameworksBuildPhase;
			buildActionMask = 2147483647;
			files = (
			);
			runOnlyForDeploymentPostprocessing = 0;
		};
		7B466F751C72CB32004963CF /* Frameworks */ = {
			isa = PBXFrameworksBuildPhase;
			buildActionMask = 2147483647;
			files = (
			);
			runOnlyForDeploymentPostprocessing = 0;
		};
		7B466F801C72CB32004963CF /* Frameworks */ = {
			isa = PBXFrameworksBuildPhase;
			buildActionMask = 2147483647;
			files = (
			);
			runOnlyForDeploymentPostprocessing = 0;
		};
/* End PBXFrameworksBuildPhase section */

/* Begin PBXGroup section */
		7B466F561C72CB32004963CF = {
			isa = PBXGroup;
			children = (
				7B466F611C72CB32004963CF /* PwC_Deliverable2_App */,
				7B466F7B1C72CB32004963CF /* PwC_Deliverable2_AppTests */,
				7B466F861C72CB32004963CF /* PwC_Deliverable2_AppUITests */,
				7B466F601C72CB32004963CF /* Products */,
			);
			sourceTree = "<group>";
		};
		7B466F601C72CB32004963CF /* Products */ = {
			isa = PBXGroup;
			children = (
				7B466F5F1C72CB32004963CF /* PwC_Deliverable2_App.app */,
				7B466F781C72CB32004963CF /* PwC_Deliverable2_AppTests.xctest */,
				7B466F831C72CB32004963CF /* PwC_Deliverable2_AppUITests.xctest */,
			);
			name = Products;
			sourceTree = "<group>";
		};
		7B466F611C72CB32004963CF /* PwC_Deliverable2_App */ = {
			isa = PBXGroup;
			children = (
				7BD1F2461C7CD34C00ECF719 /* Database */,
				7B466F981C7354AF004963CF /* Model */,
				7B466F9C1C736468004963CF /* View */,
				7B466FA41C739101004963CF /* Controller */,
				7B466F651C72CB32004963CF /* AppDelegate.h */,
				7B466F661C72CB32004963CF /* AppDelegate.m */,
				7B466F6E1C72CB32004963CF /* Assets.xcassets */,
				7B466F731C72CB32004963CF /* Info.plist */,
				7B466F621C72CB32004963CF /* Supporting Files */,
			);
			path = PwC_Deliverable2_App;
			sourceTree = "<group>";
		};
		7B466F621C72CB32004963CF /* Supporting Files */ = {
			isa = PBXGroup;
			children = (
				7B466F631C72CB32004963CF /* main.m */,
			);
			name = "Supporting Files";
			sourceTree = "<group>";
		};
		7B466F7B1C72CB32004963CF /* PwC_Deliverable2_AppTests */ = {
			isa = PBXGroup;
			children = (
				7B466F7C1C72CB32004963CF /* PwC_Deliverable2_AppTests.m */,
				7B466F7E1C72CB32004963CF /* Info.plist */,
			);
			path = PwC_Deliverable2_AppTests;
			sourceTree = "<group>";
		};
		7B466F861C72CB32004963CF /* PwC_Deliverable2_AppUITests */ = {
			isa = PBXGroup;
			children = (
				7B466F871C72CB32004963CF /* PwC_Deliverable2_AppUITests.m */,
				7B466F891C72CB32004963CF /* Info.plist */,
			);
			path = PwC_Deliverable2_AppUITests;
			sourceTree = "<group>";
		};
		7B466F981C7354AF004963CF /* Model */ = {
			isa = PBXGroup;
			children = (
				7B466F991C7354E2004963CF /* Post.h */,
				7B466F9A1C7354E2004963CF /* Post.m */,
			);
			name = Model;
			sourceTree = "<group>";
		};
		7B466F9C1C736468004963CF /* View */ = {
			isa = PBXGroup;
			children = (
				7B466FA51C73A43E004963CF /* Main.storyboard */,
				7B466F701C72CB32004963CF /* LaunchScreen.storyboard */,
				7B466F9E1C7364AC004963CF /* PostCell.h */,
				7B466F9F1C7364AC004963CF /* PostCell.m */,
			);
			name = View;
			sourceTree = "<group>";
		};
		7B466FA41C739101004963CF /* Controller */ = {
			isa = PBXGroup;
			children = (
				7B466F681C72CB32004963CF /* ViewController.h */,
				7B466F691C72CB32004963CF /* ViewController.m */,
				7B466FAB1C73AD13004963CF /* AddDestination.h */,
				7B466FAC1C73AD13004963CF /* AddDestination.m */,
			);
			name = Controller;
			sourceTree = "<group>";
		};
		7BD1F2461C7CD34C00ECF719 /* Database */ = {
			isa = PBXGroup;
			children = (
				7BD1F2471C7CD37900ECF719 /* DataService.h */,
				7BD1F2481C7CD37900ECF719 /* DataService.m */,
			);
			name = Database;
			sourceTree = "<group>";
		};
/* End PBXGroup section */

/* Begin PBXNativeTarget section */
		7B466F5E1C72CB32004963CF /* PwC_Deliverable2_App */ = {
			isa = PBXNativeTarget;
			buildConfigurationList = 7B466F8C1C72CB32004963CF /* Build configuration list for PBXNativeTarget "PwC_Deliverable2_App" */;
			buildPhases = (
				7B466F5B1C72CB32004963CF /* Sources */,
				7B466F5C1C72CB32004963CF /* Frameworks */,
				7B466F5D1C72CB32004963CF /* Resources */,
			);
			buildRules = (
			);
			dependencies = (
			);
			name = PwC_Deliverable2_App;
			productName = PwC_Deliverable2_App;
			productReference = 7B466F5F1C72CB32004963CF /* PwC_Deliverable2_App.app */;
			productType = "com.apple.product-type.application";
		};
		7B466F771C72CB32004963CF /* PwC_Deliverable2_AppTests */ = {
			isa = PBXNativeTarget;
			buildConfigurationList = 7B466F8F1C72CB32004963CF /* Build configuration list for PBXNativeTarget "PwC_Deliverable2_AppTests" */;
			buildPhases = (
				7B466F741C72CB32004963CF /* Sources */,
				7B466F751C72CB32004963CF /* Frameworks */,
				7B466F761C72CB32004963CF /* Resources */,
			);
			buildRules = (
			);
			dependencies = (
				7B466F7A1C72CB32004963CF /* PBXTargetDependency */,
			);
			name = PwC_Deliverable2_AppTests;
			productName = PwC_Deliverable2_AppTests;
			productReference = 7B466F781C72CB32004963CF /* PwC_Deliverable2_AppTests.xctest */;
			productType = "com.apple.product-type.bundle.unit-test";
		};
		7B466F821C72CB32004963CF /* PwC_Deliverable2_AppUITests */ = {
			isa = PBXNativeTarget;
			buildConfigurationList = 7B466F921C72CB32004963CF /* Build configuration list for PBXNativeTarget "PwC_Deliverable2_AppUITests" */;
			buildPhases = (
				7B466F7F1C72CB32004963CF /* Sources */,
				7B466F801C72CB32004963CF /* Frameworks */,
				7B466F811C72CB32004963CF /* Resources */,
			);
			buildRules = (
			);
			dependencies = (
				7B466F851C72CB32004963CF /* PBXTargetDependency */,
			);
			name = PwC_Deliverable2_AppUITests;
			productName = PwC_Deliverable2_AppUITests;
			productReference = 7B466F831C72CB32004963CF /* PwC_Deliverable2_AppUITests.xctest */;
			productType = "com.apple.product-type.bundle.ui-testing";
		};
/* End PBXNativeTarget section */

/* Begin PBXProject section */
		7B466F571C72CB32004963CF /* Project object */ = {
			isa = PBXProject;
			attributes = {
				LastUpgradeCheck = 0720;
				ORGANIZATIONNAME = VernonMartin;
				TargetAttributes = {
					7B466F5E1C72CB32004963CF = {
						CreatedOnToolsVersion = 7.2;
					};
					7B466F771C72CB32004963CF = {
						CreatedOnToolsVersion = 7.2;
						TestTargetID = 7B466F5E1C72CB32004963CF;
					};
					7B466F821C72CB32004963CF = {
						CreatedOnToolsVersion = 7.2;
						TestTargetID = 7B466F5E1C72CB32004963CF;
					};
				};
			};
			buildConfigurationList = 7B466F5A1C72CB32004963CF /* Build configuration list for PBXProject "PwC_Deliverable2_App" */;
			compatibilityVersion = "Xcode 3.2";
			developmentRegion = English;
			hasScannedForEncodings = 0;
			knownRegions = (
				en,
				Base,
			);
			mainGroup = 7B466F561C72CB32004963CF;
			productRefGroup = 7B466F601C72CB32004963CF /* Products */;
			projectDirPath = "";
			projectRoot = "";
			targets = (
				7B466F5E1C72CB32004963CF /* PwC_Deliverable2_App */,
				7B466F771C72CB32004963CF /* PwC_Deliverable2_AppTests */,
				7B466F821C72CB32004963CF /* PwC_Deliverable2_AppUITests */,
			);
		};
/* End PBXProject section */

/* Begin PBXResourcesBuildPhase section */
		7B466F5D1C72CB32004963CF /* Resources */ = {
			isa = PBXResourcesBuildPhase;
			buildActionMask = 2147483647;
			files = (
				7B466FA71C73A43E004963CF /* Main.storyboard in Resources */,
				7B466F721C72CB32004963CF /* LaunchScreen.storyboard in Resources */,
				7B466F6F1C72CB32004963CF /* Assets.xcassets in Resources */,
			);
			runOnlyForDeploymentPostprocessing = 0;
		};
		7B466F761C72CB32004963CF /* Resources */ = {
			isa = PBXResourcesBuildPhase;
			buildActionMask = 2147483647;
			files = (
			);
			runOnlyForDeploymentPostprocessing = 0;
		};
		7B466F811C72CB32004963CF /* Resources */ = {
			isa = PBXResourcesBuildPhase;
			buildActionMask = 2147483647;
			files = (
			);
			runOnlyForDeploymentPostprocessing = 0;
		};
/* End PBXResourcesBuildPhase section */

/* Begin PBXSourcesBuildPhase section */
		7B466F5B1C72CB32004963CF /* Sources */ = {
			isa = PBXSourcesBuildPhase;
			buildActionMask = 2147483647;
			files = (
				7B466F9B1C7354E2004963CF /* Post.m in Sources */,
				7B466F6A1C72CB32004963CF /* ViewController.m in Sources */,
				7B466F671C72CB32004963CF /* AppDelegate.m in Sources */,
				7BD1F2491C7CD37900ECF719 /* DataService.m in Sources */,
				7B466F641C72CB32004963CF /* main.m in Sources */,
				7B466FAD1C73AD13004963CF /* AddDestination.m in Sources */,
				7B466FA01C7364AC004963CF /* PostCell.m in Sources */,
			);
			runOnlyForDeploymentPostprocessing = 0;
		};
		7B466F741C72CB32004963CF /* Sources */ = {
			isa = PBXSourcesBuildPhase;
			buildActionMask = 2147483647;
			files = (
				7B466F7D1C72CB32004963CF /* PwC_Deliverable2_AppTests.m in Sources */,
			);
			runOnlyForDeploymentPostprocessing = 0;
		};
		7B466F7F1C72CB32004963CF /* Sources */ = {
			isa = PBXSourcesBuildPhase;
			buildActionMask = 2147483647;
			files = (
				7B466F881C72CB32004963CF /* PwC_Deliverable2_AppUITests.m in Sources */,
			);
			runOnlyForDeploymentPostprocessing = 0;
		};
/* End PBXSourcesBuildPhase section */

/* Begin PBXTargetDependency section */
		7B466F7A1C72CB32004963CF /* PBXTargetDependency */ = {
			isa = PBXTargetDependency;
			target = 7B466F5E1C72CB32004963CF /* PwC_Deliverable2_App */;
			targetProxy = 7B466F791C72CB32004963CF /* PBXContainerItemProxy */;
		};
		7B466F851C72CB32004963CF /* PBXTargetDependency */ = {
			isa = PBXTargetDependency;
			target = 7B466F5E1C72CB32004963CF /* PwC_Deliverable2_App */;
			targetProxy = 7B466F841C72CB32004963CF /* PBXContainerItemProxy */;
		};
/* End PBXTargetDependency section */

/* Begin PBXVariantGroup section */
		7B466F701C72CB32004963CF /* LaunchScreen.storyboard */ = {
			isa = PBXVariantGroup;
			children = (
				7B466F711C72CB32004963CF /* Base */,
			);
			name = LaunchScreen.storyboard;
			sourceTree = "<group>";
		};
		7B466FA51C73A43E004963CF /* Main.storyboard */ = {
			isa = PBXVariantGroup;
			children = (
				7B466FA61C73A43E004963CF /* Base */,
			);
			name = Main.storyboard;
			sourceTree = "<group>";
		};
/* End PBXVariantGroup section */

/* Begin XCBuildConfiguration section */
		7B466F8A1C72CB32004963CF /* Debug */ = {
			isa = XCBuildConfiguration;
			buildSettings = {
				ALWAYS_SEARCH_USER_PATHS = NO;
				CLANG_CXX_LANGUAGE_STANDARD = "gnu++0x";
				CLANG_CXX_LIBRARY = "libc++";
				CLANG_ENABLE_MODULES = YES;
				CLANG_ENABLE_OBJC_ARC = YES;
				CLANG_WARN_BOOL_CONVERSION = YES;
				CLANG_WARN_CONSTANT_CONVERSION = YES;
				CLANG_WARN_DIRECT_OBJC_ISA_USAGE = YES_ERROR;
				CLANG_WARN_EMPTY_BODY = YES;
				CLANG_WARN_ENUM_CONVERSION = YES;
				CLANG_WARN_INT_CONVERSION = YES;
				CLANG_WARN_OBJC_ROOT_CLASS = YES_ERROR;
				CLANG_WARN_UNREACHABLE_CODE = YES;
				CLANG_WARN__DUPLICATE_METHOD_MATCH = YES;
				"CODE_SIGN_IDENTITY[sdk=iphoneos*]" = "iPhone Developer";
				COPY_PHASE_STRIP = NO;
				DEBUG_INFORMATION_FORMAT = dwarf;
				ENABLE_STRICT_OBJC_MSGSEND = YES;
				ENABLE_TESTABILITY = YES;
				GCC_C_LANGUAGE_STANDARD = gnu99;
				GCC_DYNAMIC_NO_PIC = NO;
				GCC_NO_COMMON_BLOCKS = YES;
				GCC_OPTIMIZATION_LEVEL = 0;
				GCC_PREPROCESSOR_DEFINITIONS = (
					"DEBUG=1",
					"$(inherited)",
				);
				GCC_WARN_64_TO_32_BIT_CONVERSION = YES;
				GCC_WARN_ABOUT_RETURN_TYPE = YES_ERROR;
				GCC_WARN_UNDECLARED_SELECTOR = YES;
				GCC_WARN_UNINITIALIZED_AUTOS = YES_AGGRESSIVE;
				GCC_WARN_UNUSED_FUNCTION = YES;
				GCC_WARN_UNUSED_VARIABLE = YES;
				IPHONEOS_DEPLOYMENT_TARGET = 9.2;
				MTL_ENABLE_DEBUG_INFO = YES;
				ONLY_ACTIVE_ARCH = YES;
				SDKROOT = iphoneos;
			};
			name = Debug;
		};
		7B466F8B1C72CB32004963CF /* Release */ = {
			isa = XCBuildConfiguration;
			buildSettings = {
				ALWAYS_SEARCH_USER_PATHS = NO;
				CLANG_CXX_LANGUAGE_STANDARD = "gnu++0x";
				CLANG_CXX_LIBRARY = "libc++";
				CLANG_ENABLE_MODULES = YES;
				CLANG_ENABLE_OBJC_ARC = YES;
				CLANG_WARN_BOOL_CONVERSION = YES;
				CLANG_WARN_CONSTANT_CONVERSION = YES;
				CLANG_WARN_DIRECT_OBJC_ISA_USAGE = YES_ERROR;
				CLANG_WARN_EMPTY_BODY = YES;
				CLANG_WARN_ENUM_CONVERSION = YES;
				CLANG_WARN_INT_CONVERSION = YES;
				CLANG_WARN_OBJC_ROOT_CLASS = YES_ERROR;
				CLANG_WARN_UNREACHABLE_CODE = YES;
				CLANG_WARN__DUPLICATE_METHOD_MATCH = YES;
				"CODE_SIGN_IDENTITY[sdk=iphoneos*]" = "iPhone Developer";
				COPY_PHASE_STRIP = NO;
				DEBUG_INFORMATION_FORMAT = "dwarf-with-dsym";
				ENABLE_NS_ASSERTIONS = NO;
				ENABLE_STRICT_OBJC_MSGSEND = YES;
				GCC_C_LANGUAGE_STANDARD = gnu99;
				GCC_NO_COMMON_BLOCKS = YES;
				GCC_WARN_64_TO_32_BIT_CONVERSION = YES;
				GCC_WARN_ABOUT_RETURN_TYPE = YES_ERROR;
				GCC_WARN_UNDECLARED_SELECTOR = YES;
				GCC_WARN_UNINITIALIZED_AUTOS = YES_AGGRESSIVE;
				GCC_WARN_UNUSED_FUNCTION = YES;
				GCC_WARN_UNUSED_VARIABLE = YES;
				IPHONEOS_DEPLOYMENT_TARGET = 9.2;
				MTL_ENABLE_DEBUG_INFO = NO;
				SDKROOT = iphoneos;
				VALIDATE_PRODUCT = YES;
			};
			name = Release;
		};
		7B466F8D1C72CB32004963CF /* Debug */ = {
			isa = XCBuildConfiguration;
			buildSettings = {
				ASSETCATALOG_COMPILER_APPICON_NAME = AppIcon;
				INFOPLIST_FILE = PwC_Deliverable2_App/Info.plist;
				LD_RUNPATH_SEARCH_PATHS = "$(inherited) @executable_path/Frameworks";
				PRODUCT_BUNDLE_IDENTIFIER = "com.VernonMartin.PwC-Deliverable2-App";
				PRODUCT_NAME = "$(TARGET_NAME)";
			};
			name = Debug;
		};
		7B466F8E1C72CB32004963CF /* Release */ = {
			isa = XCBuildConfiguration;
			buildSettings = {
				ASSETCATALOG_COMPILER_APPICON_NAME = AppIcon;
				INFOPLIST_FILE = PwC_Deliverable2_App/Info.plist;
				LD_RUNPATH_SEARCH_PATHS = "$(inherited) @executable_path/Frameworks";
				PRODUCT_BUNDLE_IDENTIFIER = "com.VernonMartin.PwC-Deliverable2-App";
				PRODUCT_NAME = "$(TARGET_NAME)";
			};
			name = Release;
		};
		7B466F901C72CB32004963CF /* Debug */ = {
			isa = XCBuildConfiguration;
			buildSettings = {
				BUNDLE_LOADER = "$(TEST_HOST)";
				INFOPLIST_FILE = PwC_Deliverable2_AppTests/Info.plist;
				LD_RUNPATH_SEARCH_PATHS = "$(inherited) @executable_path/Frameworks @loader_path/Frameworks";
				PRODUCT_BUNDLE_IDENTIFIER = "com.VernonMartin.PwC-Deliverable2-AppTests";
				PRODUCT_NAME = "$(TARGET_NAME)";
				TEST_HOST = "$(BUILT_PRODUCTS_DIR)/PwC_Deliverable2_App.app/PwC_Deliverable2_App";
			};
			name = Debug;
		};
		7B466F911C72CB32004963CF /* Release */ = {
			isa = XCBuildConfiguration;
			buildSettings = {
				BUNDLE_LOADER = "$(TEST_HOST)";
				INFOPLIST_FILE = PwC_Deliverable2_AppTests/Info.plist;
				LD_RUNPATH_SEARCH_PATHS = "$(inherited) @executable_path/Frameworks @loader_path/Frameworks";
				PRODUCT_BUNDLE_IDENTIFIER = "com.VernonMartin.PwC-Deliverable2-AppTests";
				PRODUCT_NAME = "$(TARGET_NAME)";
				TEST_HOST = "$(BUILT_PRODUCTS_DIR)/PwC_Deliverable2_App.app/PwC_Deliverable2_App";
			};
			name = Release;
		};
		7B466F931C72CB32004963CF /* Debug */ = {
			isa = XCBuildConfiguration;
			buildSettings = {
				INFOPLIST_FILE = PwC_Deliverable2_AppUITests/Info.plist;
				LD_RUNPATH_SEARCH_PATHS = "$(inherited) @executable_path/Frameworks @loader_path/Frameworks";
				PRODUCT_BUNDLE_IDENTIFIER = "com.VernonMartin.PwC-Deliverable2-AppUITests";
				PRODUCT_NAME = "$(TARGET_NAME)";
				TEST_TARGET_NAME = PwC_Deliverable2_App;
				USES_XCTRUNNER = YES;
			};
			name = Debug;
		};
		7B466F941C72CB32004963CF /* Release */ = {
			isa = XCBuildConfiguration;
			buildSettings = {
				INFOPLIST_FILE = PwC_Deliverable2_AppUITests/Info.plist;
				LD_RUNPATH_SEARCH_PATHS = "$(inherited) @executable_path/Frameworks @loader_path/Frameworks";
				PRODUCT_BUNDLE_IDENTIFIER = "com.VernonMartin.PwC-Deliverable2-AppUITests";
				PRODUCT_NAME = "$(TARGET_NAME)";
				TEST_TARGET_NAME = PwC_Deliverable2_App;
				USES_XCTRUNNER = YES;
			};
			name = Release;
		};
/* End XCBuildConfiguration section */

/* Begin XCConfigurationList section */
		7B466F5A1C72CB32004963CF /* Build configuration list for PBXProject "PwC_Deliverable2_App" */ = {
			isa = XCConfigurationList;
			buildConfigurations = (
				7B466F8A1C72CB32004963CF /* Debug */,
				7B466F8B1C72CB32004963CF /* Release */,
			);
			defaultConfigurationIsVisible = 0;
			defaultConfigurationName = Release;
		};
		7B466F8C1C72CB32004963CF /* Build configuration list for PBXNativeTarget "PwC_Deliverable2_App" */ = {
			isa = XCConfigurationList;
			buildConfigurations = (
				7B466F8D1C72CB32004963CF /* Debug */,
				7B466F8E1C72CB32004963CF /* Release */,
			);
			defaultConfigurationIsVisible = 0;
			defaultConfigurationName = Release;
		};
		7B466F8F1C72CB32004963CF /* Build configuration list for PBXNativeTarget "PwC_Deliverable2_AppTests" */ = {
			isa = XCConfigurationList;
			buildConfigurations = (
				7B466F901C72CB32004963CF /* Debug */,
				7B466F911C72CB32004963CF /* Release */,
			);
			defaultConfigurationIsVisible = 0;
			defaultConfigurationName = Release;
		};
		7B466F921C72CB32004963CF /* Build configuration list for PBXNativeTarget "PwC_Deliverable2_AppUITests" */ = {
			isa = XCConfigurationList;
			buildConfigurations = (
				7B466F931C72CB32004963CF /* Debug */,
				7B466F941C72CB32004963CF /* Release */,
			);
			defaultConfigurationIsVisible = 0;
			defaultConfigurationName = Release;
		};
/* End XCConfigurationList section */
	};
	rootObject = 7B466F571C72CB32004963CF /* Project object */;
}
